
Microsoft Visual Studio Solution File, Format Version 12.00
# Visual Studio Version 16
VisualStudioVersion = 16.0.30128.74
MinimumVisualStudioVersion = 10.0.40219.1
Project("{00D1A9C2-B5F0-4AF3-8072-F6C62B433612}") = "GHA-SSDT", "GHA-SSDT\GHA-SSDT.sqlproj", "{1A7DDEC0-DE56-4872-8074-E20088144507}"
EndProject
Global
	GlobalSection(SolutionConfigurationPlatforms) = preSolution
		Debug|Any CPU = Debug|Any CPU
		Release|Any CPU = Release|Any CPU
	EndGlobalSection
	GlobalSection(ProjectConfigurationPlatforms) = postSolution
		{1A7DDEC0-DE56-4872-8074-E20088144507}.Debug|Any CPU.ActiveCfg = Debug|Any CPU
		{1A7DDEC0-DE56-4872-8074-E20088144507}.Debug|Any CPU.Build.0 = Debug|Any CPU
		{1A7DDEC0-DE56-4872-8074-E20088144507}.Debug|Any CPU.Deploy.0 = Debug|Any CPU
		{1A7DDEC0-DE56-4872-8074-E20088144507}.Release|Any CPU.ActiveCfg = Release|Any CPU
		{1A7DDEC0-DE56-4872-8074-E20088144507}.Release|Any CPU.Build.0 = Release|Any CPU
		{1A7DDEC0-DE56-4872-8074-E20088144507}.Release|Any CPU.Deploy.0 = Release|Any CPU
	EndGlobalSection
	GlobalSection(SolutionProperties) = preSolution
		HideSolutionNode = FALSE
	EndGlobalSection
	GlobalSection(ExtensibilityGlobals) = postSolution
		SolutionGuid = {D6CDDEFE-7C8C-454B-AB19-0DB3D81D696E}
	EndGlobalSection
EndGlobal
